
Microsoft Visual Studio Solution File, Format Version 12.00
# Visual Studio 15
VisualStudioVersion = 15.0.28307.1022
MinimumVisualStudioVersion = 10.0.40219.1
Project("{FAE04EC0-301F-11D3-BF4B-00C04F79EFBC}") = "Zadatak_1", "Zadatak_1\Zadatak_1.csproj", "{32E8DC89-5BAC-4D57-AAF3-4785A73DDAD2}"
EndProject
Global
	GlobalSection(SolutionConfigurationPlatforms) = preSolution
		Debug|Any CPU = Debug|Any CPU
		Release|Any CPU = Release|Any CPU
	EndGlobalSection
	GlobalSection(ProjectConfigurationPlatforms) = postSolution
		{32E8DC89-5BAC-4D57-AAF3-4785A73DDAD2}.Debug|Any CPU.ActiveCfg = Debug|Any CPU
		{32E8DC89-5BAC-4D57-AAF3-4785A73DDAD2}.Debug|Any CPU.Build.0 = Debug|Any CPU
		{32E8DC89-5BAC-4D57-AAF3-4785A73DDAD2}.Release|Any CPU.ActiveCfg = Release|Any CPU
		{32E8DC89-5BAC-4D57-AAF3-4785A73DDAD2}.Release|Any CPU.Build.0 = Release|Any CPU
	EndGlobalSection
	GlobalSection(SolutionProperties) = preSolution
		HideSolutionNode = FALSE
	EndGlobalSection
	GlobalSection(ExtensibilityGlobals) = postSolution
		SolutionGuid = {34027A96-F184-4B3F-8289-AFE423C598B2}
	EndGlobalSection
EndGlobal
